
Microsoft Visual Studio Solution File, Format Version 12.00
# Visual Studio Version 16
VisualStudioVersion = 16.0.31702.278
MinimumVisualStudioVersion = 10.0.40219.1
Project("{9A19103F-16F7-4668-BE54-9A1E7A4F7556}") = "KuvioSampleProject.Models", "KuvioSampleProject.Models\KuvioSampleProject.Models.csproj", "{825F4CF7-B367-4031-A19A-1B47288B7D09}"
EndProject
Project("{9A19103F-16F7-4668-BE54-9A1E7A4F7556}") = "KuvioSampleProject.Web", "KuvioSampleProject.Web\KuvioSampleProject.Web.csproj", "{985D07CF-FCC0-4DCF-99C7-E6FC7020374C}"
EndProject
Project("{9A19103F-16F7-4668-BE54-9A1E7A4F7556}") = "KuvioSampleProject.API", "KuvioSampleProject.API\KuvioSampleProject.API.csproj", "{271D595C-B305-42FD-9259-BEC0F32A7115}"
EndProject
Global
	GlobalSection(SolutionConfigurationPlatforms) = preSolution
		Debug|Any CPU = Debug|Any CPU
		Release|Any CPU = Release|Any CPU
	EndGlobalSection
	GlobalSection(ProjectConfigurationPlatforms) = postSolution
		{825F4CF7-B367-4031-A19A-1B47288B7D09}.Debug|Any CPU.ActiveCfg = Debug|Any CPU
		{825F4CF7-B367-4031-A19A-1B47288B7D09}.Debug|Any CPU.Build.0 = Debug|Any CPU
		{825F4CF7-B367-4031-A19A-1B47288B7D09}.Release|Any CPU.ActiveCfg = Release|Any CPU
		{825F4CF7-B367-4031-A19A-1B47288B7D09}.Release|Any CPU.Build.0 = Release|Any CPU
		{985D07CF-FCC0-4DCF-99C7-E6FC7020374C}.Debug|Any CPU.ActiveCfg = Debug|Any CPU
		{985D07CF-FCC0-4DCF-99C7-E6FC7020374C}.Debug|Any CPU.Build.0 = Debug|Any CPU
		{985D07CF-FCC0-4DCF-99C7-E6FC7020374C}.Release|Any CPU.ActiveCfg = Release|Any CPU
		{985D07CF-FCC0-4DCF-99C7-E6FC7020374C}.Release|Any CPU.Build.0 = Release|Any CPU
		{271D595C-B305-42FD-9259-BEC0F32A7115}.Debug|Any CPU.ActiveCfg = Debug|Any CPU
		{271D595C-B305-42FD-9259-BEC0F32A7115}.Debug|Any CPU.Build.0 = Debug|Any CPU
		{271D595C-B305-42FD-9259-BEC0F32A7115}.Release|Any CPU.ActiveCfg = Release|Any CPU
		{271D595C-B305-42FD-9259-BEC0F32A7115}.Release|Any CPU.Build.0 = Release|Any CPU
	EndGlobalSection
	GlobalSection(SolutionProperties) = preSolution
		HideSolutionNode = FALSE
	EndGlobalSection
	GlobalSection(ExtensibilityGlobals) = postSolution
		SolutionGuid = {259236BA-0599-471C-A7FD-69B96425F54B}
	EndGlobalSection
EndGlobal
